
Microsoft Visual Studio Solution File, Format Version 12.00
# Visual Studio Version 17
VisualStudioVersion = 17.0.31903.59
MinimumVisualStudioVersion = 10.0.40219.1
Project("{2150E333-8FDC-42A3-9474-1A3956D46DE8}") = "src", "src", "{C386230D-4175-4D37-BF9C-290B4CFA49B9}"
EndProject
Project("{FAE04EC0-301F-11D3-BF4B-00C04F79EFBC}") = "Template.Core", "src\Template.Core\Template.Core.csproj", "{7276ADD2-087B-4363-9925-E7167FD58A4F}"
EndProject
Project("{FAE04EC0-301F-11D3-BF4B-00C04F79EFBC}") = "Template.Application", "src\Template.Application\Template.Application.csproj", "{BC95B18D-B42D-4D90-9B8A-28835824243F}"
EndProject
Project("{2150E333-8FDC-42A3-9474-1A3956D46DE8}") = "tests", "tests", "{60310447-36D3-4ACA-9F09-3341FE629800}"
EndProject
Project("{FAE04EC0-301F-11D3-BF4B-00C04F79EFBC}") = "Template.Tests.Architecture", "tests\Template.Tests.Architecture\Template.Tests.Architecture.csproj", "{2BE22E1E-5CD3-4777-AC6D-A72C40515583}"
EndProject
Project("{FAE04EC0-301F-11D3-BF4B-00C04F79EFBC}") = "Template.Domain", "src\Template.Domain\Template.Domain.csproj", "{1DFFEEFD-65C3-499B-8D76-A8254A5BE14E}"
EndProject
Project("{FAE04EC0-301F-11D3-BF4B-00C04F79EFBC}") = "Template.Persistence", "src\Template.Persistence\Template.Persistence.csproj", "{EC0B9288-6338-482F-AA0F-E1451DCB0A97}"
EndProject
Project("{FAE04EC0-301F-11D3-BF4B-00C04F79EFBC}") = "Template.Host", "src\Template.Host\Template.Host.csproj", "{6BC6F0FF-2324-4EDA-8F94-9DF188328621}"
EndProject
Global
	GlobalSection(SolutionConfigurationPlatforms) = preSolution
		Debug|Any CPU = Debug|Any CPU
		Release|Any CPU = Release|Any CPU
	EndGlobalSection
	GlobalSection(ProjectConfigurationPlatforms) = postSolution
		{7276ADD2-087B-4363-9925-E7167FD58A4F}.Debug|Any CPU.ActiveCfg = Debug|Any CPU
		{7276ADD2-087B-4363-9925-E7167FD58A4F}.Debug|Any CPU.Build.0 = Debug|Any CPU
		{7276ADD2-087B-4363-9925-E7167FD58A4F}.Release|Any CPU.ActiveCfg = Release|Any CPU
		{7276ADD2-087B-4363-9925-E7167FD58A4F}.Release|Any CPU.Build.0 = Release|Any CPU
		{BC95B18D-B42D-4D90-9B8A-28835824243F}.Debug|Any CPU.ActiveCfg = Debug|Any CPU
		{BC95B18D-B42D-4D90-9B8A-28835824243F}.Debug|Any CPU.Build.0 = Debug|Any CPU
		{BC95B18D-B42D-4D90-9B8A-28835824243F}.Release|Any CPU.ActiveCfg = Release|Any CPU
		{BC95B18D-B42D-4D90-9B8A-28835824243F}.Release|Any CPU.Build.0 = Release|Any CPU
		{2BE22E1E-5CD3-4777-AC6D-A72C40515583}.Debug|Any CPU.ActiveCfg = Debug|Any CPU
		{2BE22E1E-5CD3-4777-AC6D-A72C40515583}.Debug|Any CPU.Build.0 = Debug|Any CPU
		{2BE22E1E-5CD3-4777-AC6D-A72C40515583}.Release|Any CPU.ActiveCfg = Release|Any CPU
		{2BE22E1E-5CD3-4777-AC6D-A72C40515583}.Release|Any CPU.Build.0 = Release|Any CPU
		{1DFFEEFD-65C3-499B-8D76-A8254A5BE14E}.Debug|Any CPU.ActiveCfg = Debug|Any CPU
		{1DFFEEFD-65C3-499B-8D76-A8254A5BE14E}.Debug|Any CPU.Build.0 = Debug|Any CPU
		{1DFFEEFD-65C3-499B-8D76-A8254A5BE14E}.Release|Any CPU.ActiveCfg = Release|Any CPU
		{1DFFEEFD-65C3-499B-8D76-A8254A5BE14E}.Release|Any CPU.Build.0 = Release|Any CPU
		{EC0B9288-6338-482F-AA0F-E1451DCB0A97}.Debug|Any CPU.ActiveCfg = Debug|Any CPU
		{EC0B9288-6338-482F-AA0F-E1451DCB0A97}.Debug|Any CPU.Build.0 = Debug|Any CPU
		{EC0B9288-6338-482F-AA0F-E1451DCB0A97}.Release|Any CPU.ActiveCfg = Release|Any CPU
		{EC0B9288-6338-482F-AA0F-E1451DCB0A97}.Release|Any CPU.Build.0 = Release|Any CPU
		{6BC6F0FF-2324-4EDA-8F94-9DF188328621}.Debug|Any CPU.ActiveCfg = Debug|Any CPU
		{6BC6F0FF-2324-4EDA-8F94-9DF188328621}.Debug|Any CPU.Build.0 = Debug|Any CPU
		{6BC6F0FF-2324-4EDA-8F94-9DF188328621}.Release|Any CPU.ActiveCfg = Release|Any CPU
		{6BC6F0FF-2324-4EDA-8F94-9DF188328621}.Release|Any CPU.Build.0 = Release|Any CPU
	EndGlobalSection
	GlobalSection(SolutionProperties) = preSolution
		HideSolutionNode = FALSE
	EndGlobalSection
	GlobalSection(NestedProjects) = preSolution
		{7276ADD2-087B-4363-9925-E7167FD58A4F} = {C386230D-4175-4D37-BF9C-290B4CFA49B9}
		{BC95B18D-B42D-4D90-9B8A-28835824243F} = {C386230D-4175-4D37-BF9C-290B4CFA49B9}
		{2BE22E1E-5CD3-4777-AC6D-A72C40515583} = {60310447-36D3-4ACA-9F09-3341FE629800}
		{1DFFEEFD-65C3-499B-8D76-A8254A5BE14E} = {C386230D-4175-4D37-BF9C-290B4CFA49B9}
		{EC0B9288-6338-482F-AA0F-E1451DCB0A97} = {C386230D-4175-4D37-BF9C-290B4CFA49B9}
		{6BC6F0FF-2324-4EDA-8F94-9DF188328621} = {C386230D-4175-4D37-BF9C-290B4CFA49B9}
	EndGlobalSection
	GlobalSection(ExtensibilityGlobals) = postSolution
		SolutionGuid = {DBC6F1EA-C32E-4AC8-8486-6A2E3D8ED003}
	EndGlobalSection
EndGlobal
