
Microsoft Visual Studio Solution File, Format Version 12.00
# Visual Studio Version 17
VisualStudioVersion = 17.0.31903.59
MinimumVisualStudioVersion = 10.0.40219.1
Project("{2150E333-8FDC-42A3-9474-1A3956D46DE8}") = "src", "src", "{DA3EA340-FBC8-40B4-83FC-C8FE8CBDEB4D}"
EndProject
Project("{9A19103F-16F7-4668-BE54-9A1E7A4F7556}") = "Template.Host", "src\Template.Host\Template.Host.csproj", "{8A2C016B-FDEA-4A7A-94DD-1CD24E2C8B13}"
EndProject
Project("{FAE04EC0-301F-11D3-BF4B-00C04F79EFBC}") = "Template.Module.Presentation", "src\module\Template.Module.Presentation\Template.Module.Presentation.csproj", "{9747FA02-FAE6-49CD-A30F-6C8098DC06C5}"
EndProject
Project("{2150E333-8FDC-42A3-9474-1A3956D46DE8}") = "module", "module", "{453E2E04-87EE-47D7-8CBF-FD0C37DFEC38}"
EndProject
Global
	GlobalSection(SolutionConfigurationPlatforms) = preSolution
		Debug|Any CPU = Debug|Any CPU
		Release|Any CPU = Release|Any CPU
	EndGlobalSection
	GlobalSection(ProjectConfigurationPlatforms) = postSolution
		{8A2C016B-FDEA-4A7A-94DD-1CD24E2C8B13}.Debug|Any CPU.ActiveCfg = Debug|Any CPU
		{8A2C016B-FDEA-4A7A-94DD-1CD24E2C8B13}.Debug|Any CPU.Build.0 = Debug|Any CPU
		{8A2C016B-FDEA-4A7A-94DD-1CD24E2C8B13}.Release|Any CPU.ActiveCfg = Release|Any CPU
		{8A2C016B-FDEA-4A7A-94DD-1CD24E2C8B13}.Release|Any CPU.Build.0 = Release|Any CPU
		{9747FA02-FAE6-49CD-A30F-6C8098DC06C5}.Debug|Any CPU.ActiveCfg = Debug|Any CPU
		{9747FA02-FAE6-49CD-A30F-6C8098DC06C5}.Debug|Any CPU.Build.0 = Debug|Any CPU
		{9747FA02-FAE6-49CD-A30F-6C8098DC06C5}.Release|Any CPU.ActiveCfg = Release|Any CPU
		{9747FA02-FAE6-49CD-A30F-6C8098DC06C5}.Release|Any CPU.Build.0 = Release|Any CPU
	EndGlobalSection
	GlobalSection(SolutionProperties) = preSolution
		HideSolutionNode = FALSE
	EndGlobalSection
	GlobalSection(NestedProjects) = preSolution
		{8A2C016B-FDEA-4A7A-94DD-1CD24E2C8B13} = {DA3EA340-FBC8-40B4-83FC-C8FE8CBDEB4D}
		{9747FA02-FAE6-49CD-A30F-6C8098DC06C5} = {453E2E04-87EE-47D7-8CBF-FD0C37DFEC38}
		{453E2E04-87EE-47D7-8CBF-FD0C37DFEC38} = {DA3EA340-FBC8-40B4-83FC-C8FE8CBDEB4D}
	EndGlobalSection
	GlobalSection(ExtensibilityGlobals) = postSolution
		SolutionGuid = {15EC2265-F5A5-4572-95E4-CCD1A2B0BC81}
	EndGlobalSection
EndGlobal
